
Microsoft Visual Studio Solution File, Format Version 12.00
# Visual Studio Version 17
VisualStudioVersion = 17.2.32526.322
MinimumVisualStudioVersion = 10.0.40219.1
Project("{2150E333-8FDC-42A3-9474-1A3956D46DE8}") = "Services", "Services", "{4943249A-37E8-4FAC-B506-90D9AAA68CE9}"
EndProject
Project("{2150E333-8FDC-42A3-9474-1A3956D46DE8}") = "Catalog", "Catalog", "{AD0B23A8-B99F-422D-9C01-FFF3B680D8B5}"
EndProject
Project("{9A19103F-16F7-4668-BE54-9A1E7A4F7556}") = "Catalog.API", "Services\Catalog\Catalog.API\Catalog.API.csproj", "{EBAB3D78-D582-483A-9D0E-8B4B98D81B55}"
EndProject
Project("{9A19103F-16F7-4668-BE54-9A1E7A4F7556}") = "Catalog.DAL", "Services\Catalog\Catalog.DAL\Catalog.DAL.csproj", "{F011A02F-7784-4023-B0C2-77972D538B25}"
EndProject
Project("{9A19103F-16F7-4668-BE54-9A1E7A4F7556}") = "Catalog.BAL", "Services\Catalog\Catalog.BAL\Catalog.BAL.csproj", "{BE61E65D-F4D2-491D-9BBD-A374F87C7CA6}"
EndProject
Project("{9A19103F-16F7-4668-BE54-9A1E7A4F7556}") = "Catalog.Core", "Services\Catalog\Catalog.Core\Catalog.Core.csproj", "{C1C2379E-865B-46B8-B94A-715DAA11989E}"
EndProject
Project("{2150E333-8FDC-42A3-9474-1A3956D46DE8}") = "Basket", "Basket", "{C877788B-DE95-4089-A189-1E61402EF88C}"
EndProject
Project("{9A19103F-16F7-4668-BE54-9A1E7A4F7556}") = "Basket.Data", "Services\Basket\Basket.Data\Basket.Data.csproj", "{E13AD226-9332-4AE7-A8FD-BCD282D23A61}"
EndProject
Project("{9A19103F-16F7-4668-BE54-9A1E7A4F7556}") = "Basket.Repo", "Services\Basket\Basket.Repo\Basket.Repo.csproj", "{DF998AC0-B626-4689-9BAA-A3C93F76DB97}"
EndProject
Project("{9A19103F-16F7-4668-BE54-9A1E7A4F7556}") = "Basket.Web", "Services\Basket\Basket.Web\Basket.Web.csproj", "{ED5071F3-9AB9-4AF8-9E04-A1C2863F0CEA}"
EndProject
Global
	GlobalSection(SolutionConfigurationPlatforms) = preSolution
		Debug|Any CPU = Debug|Any CPU
		Release|Any CPU = Release|Any CPU
	EndGlobalSection
	GlobalSection(ProjectConfigurationPlatforms) = postSolution
		{EBAB3D78-D582-483A-9D0E-8B4B98D81B55}.Debug|Any CPU.ActiveCfg = Debug|Any CPU
		{EBAB3D78-D582-483A-9D0E-8B4B98D81B55}.Debug|Any CPU.Build.0 = Debug|Any CPU
		{EBAB3D78-D582-483A-9D0E-8B4B98D81B55}.Release|Any CPU.ActiveCfg = Release|Any CPU
		{EBAB3D78-D582-483A-9D0E-8B4B98D81B55}.Release|Any CPU.Build.0 = Release|Any CPU
		{F011A02F-7784-4023-B0C2-77972D538B25}.Debug|Any CPU.ActiveCfg = Debug|Any CPU
		{F011A02F-7784-4023-B0C2-77972D538B25}.Debug|Any CPU.Build.0 = Debug|Any CPU
		{F011A02F-7784-4023-B0C2-77972D538B25}.Release|Any CPU.ActiveCfg = Release|Any CPU
		{F011A02F-7784-4023-B0C2-77972D538B25}.Release|Any CPU.Build.0 = Release|Any CPU
		{BE61E65D-F4D2-491D-9BBD-A374F87C7CA6}.Debug|Any CPU.ActiveCfg = Debug|Any CPU
		{BE61E65D-F4D2-491D-9BBD-A374F87C7CA6}.Debug|Any CPU.Build.0 = Debug|Any CPU
		{BE61E65D-F4D2-491D-9BBD-A374F87C7CA6}.Release|Any CPU.ActiveCfg = Release|Any CPU
		{BE61E65D-F4D2-491D-9BBD-A374F87C7CA6}.Release|Any CPU.Build.0 = Release|Any CPU
		{C1C2379E-865B-46B8-B94A-715DAA11989E}.Debug|Any CPU.ActiveCfg = Debug|Any CPU
		{C1C2379E-865B-46B8-B94A-715DAA11989E}.Debug|Any CPU.Build.0 = Debug|Any CPU
		{C1C2379E-865B-46B8-B94A-715DAA11989E}.Release|Any CPU.ActiveCfg = Release|Any CPU
		{C1C2379E-865B-46B8-B94A-715DAA11989E}.Release|Any CPU.Build.0 = Release|Any CPU
		{E13AD226-9332-4AE7-A8FD-BCD282D23A61}.Debug|Any CPU.ActiveCfg = Debug|Any CPU
		{E13AD226-9332-4AE7-A8FD-BCD282D23A61}.Debug|Any CPU.Build.0 = Debug|Any CPU
		{E13AD226-9332-4AE7-A8FD-BCD282D23A61}.Release|Any CPU.ActiveCfg = Release|Any CPU
		{E13AD226-9332-4AE7-A8FD-BCD282D23A61}.Release|Any CPU.Build.0 = Release|Any CPU
		{DF998AC0-B626-4689-9BAA-A3C93F76DB97}.Debug|Any CPU.ActiveCfg = Debug|Any CPU
		{DF998AC0-B626-4689-9BAA-A3C93F76DB97}.Debug|Any CPU.Build.0 = Debug|Any CPU
		{DF998AC0-B626-4689-9BAA-A3C93F76DB97}.Release|Any CPU.ActiveCfg = Release|Any CPU
		{DF998AC0-B626-4689-9BAA-A3C93F76DB97}.Release|Any CPU.Build.0 = Release|Any CPU
		{ED5071F3-9AB9-4AF8-9E04-A1C2863F0CEA}.Debug|Any CPU.ActiveCfg = Debug|Any CPU
		{ED5071F3-9AB9-4AF8-9E04-A1C2863F0CEA}.Debug|Any CPU.Build.0 = Debug|Any CPU
		{ED5071F3-9AB9-4AF8-9E04-A1C2863F0CEA}.Release|Any CPU.ActiveCfg = Release|Any CPU
		{ED5071F3-9AB9-4AF8-9E04-A1C2863F0CEA}.Release|Any CPU.Build.0 = Release|Any CPU
	EndGlobalSection
	GlobalSection(SolutionProperties) = preSolution
		HideSolutionNode = FALSE
	EndGlobalSection
	GlobalSection(NestedProjects) = preSolution
		{AD0B23A8-B99F-422D-9C01-FFF3B680D8B5} = {4943249A-37E8-4FAC-B506-90D9AAA68CE9}
		{EBAB3D78-D582-483A-9D0E-8B4B98D81B55} = {AD0B23A8-B99F-422D-9C01-FFF3B680D8B5}
		{F011A02F-7784-4023-B0C2-77972D538B25} = {AD0B23A8-B99F-422D-9C01-FFF3B680D8B5}
		{BE61E65D-F4D2-491D-9BBD-A374F87C7CA6} = {AD0B23A8-B99F-422D-9C01-FFF3B680D8B5}
		{C1C2379E-865B-46B8-B94A-715DAA11989E} = {AD0B23A8-B99F-422D-9C01-FFF3B680D8B5}
		{C877788B-DE95-4089-A189-1E61402EF88C} = {4943249A-37E8-4FAC-B506-90D9AAA68CE9}
		{E13AD226-9332-4AE7-A8FD-BCD282D23A61} = {C877788B-DE95-4089-A189-1E61402EF88C}
		{DF998AC0-B626-4689-9BAA-A3C93F76DB97} = {C877788B-DE95-4089-A189-1E61402EF88C}
		{ED5071F3-9AB9-4AF8-9E04-A1C2863F0CEA} = {C877788B-DE95-4089-A189-1E61402EF88C}
	EndGlobalSection
	GlobalSection(ExtensibilityGlobals) = postSolution
		SolutionGuid = {7201CB56-A832-4E91-BD38-5A3530D049C1}
	EndGlobalSection
EndGlobal
